
Microsoft Visual Studio Solution File, Format Version 12.00
# Visual Studio Version 16
VisualStudioVersion = 16.0.31424.327
MinimumVisualStudioVersion = 10.0.40219.1
Project("{FAE04EC0-301F-11D3-BF4B-00C04F79EFBC}") = "AlgoritmoRSA", "AlgoritmoRSA\AlgoritmoRSA.csproj", "{EEC64AA2-BB72-44AA-B769-7EDB63096961}"
EndProject
Project("{FAE04EC0-301F-11D3-BF4B-00C04F79EFBC}") = "RSAEncoder", "RSAEncoder\RSAEncoder.csproj", "{EE55841A-E008-4022-85DC-A7066F1EDAB1}"
EndProject
Global
	GlobalSection(SolutionConfigurationPlatforms) = preSolution
		Debug|Any CPU = Debug|Any CPU
		Release|Any CPU = Release|Any CPU
	EndGlobalSection
	GlobalSection(ProjectConfigurationPlatforms) = postSolution
		{EEC64AA2-BB72-44AA-B769-7EDB63096961}.Debug|Any CPU.ActiveCfg = Debug|Any CPU
		{EEC64AA2-BB72-44AA-B769-7EDB63096961}.Debug|Any CPU.Build.0 = Debug|Any CPU
		{EEC64AA2-BB72-44AA-B769-7EDB63096961}.Release|Any CPU.ActiveCfg = Release|Any CPU
		{EEC64AA2-BB72-44AA-B769-7EDB63096961}.Release|Any CPU.Build.0 = Release|Any CPU
		{EE55841A-E008-4022-85DC-A7066F1EDAB1}.Debug|Any CPU.ActiveCfg = Debug|Any CPU
		{EE55841A-E008-4022-85DC-A7066F1EDAB1}.Debug|Any CPU.Build.0 = Debug|Any CPU
		{EE55841A-E008-4022-85DC-A7066F1EDAB1}.Release|Any CPU.ActiveCfg = Release|Any CPU
		{EE55841A-E008-4022-85DC-A7066F1EDAB1}.Release|Any CPU.Build.0 = Release|Any CPU
	EndGlobalSection
	GlobalSection(SolutionProperties) = preSolution
		HideSolutionNode = FALSE
	EndGlobalSection
	GlobalSection(ExtensibilityGlobals) = postSolution
		SolutionGuid = {220B7872-C67E-4241-A5CB-4E5DEFA44D41}
	EndGlobalSection
EndGlobal
